// !$*UTF8*$!
{
	archiveVersion = 1;
	classes = {
	};
	objectVersion = 50;
	objects = {

/* Begin PBXBuildFile section */
		845EC2A022855F1C0036C7DA /* AppDelegate.swift in Sources */ = {isa = PBXBuildFile; fileRef = 845EC29F22855F1C0036C7DA /* AppDelegate.swift */; };
		845EC2A222855F1C0036C7DA /* GameScene.sks in Resources */ = {isa = PBXBuildFile; fileRef = 845EC2A122855F1C0036C7DA /* GameScene.sks */; };
		845EC2A422855F1C0036C7DA /* Actions.sks in Resources */ = {isa = PBXBuildFile; fileRef = 845EC2A322855F1C0036C7DA /* Actions.sks */; };
		845EC2A622855F1D0036C7DA /* GameScene.swift in Sources */ = {isa = PBXBuildFile; fileRef = 845EC2A522855F1D0036C7DA /* GameScene.swift */; };
		845EC2A822855F1D0036C7DA /* GameViewController.swift in Sources */ = {isa = PBXBuildFile; fileRef = 845EC2A722855F1D0036C7DA /* GameViewController.swift */; };
		845EC2AB22855F1D0036C7DA /* Main.storyboard in Resources */ = {isa = PBXBuildFile; fileRef = 845EC2A922855F1D0036C7DA /* Main.storyboard */; };
		845EC2AD22855F200036C7DA /* Assets.xcassets in Resources */ = {isa = PBXBuildFile; fileRef = 845EC2AC22855F200036C7DA /* Assets.xcassets */; };
		845EC2B022855F200036C7DA /* LaunchScreen.storyboard in Resources */ = {isa = PBXBuildFile; fileRef = 845EC2AE22855F200036C7DA /* LaunchScreen.storyboard */; };
/* End PBXBuildFile section */

/* Begin PBXFileReference section */
		845EC29C22855F1C0036C7DA /* FirstGame.app */ = {isa = PBXFileReference; explicitFileType = wrapper.application; includeInIndex = 0; path = FirstGame.app; sourceTree = BUILT_PRODUCTS_DIR; };
		845EC29F22855F1C0036C7DA /* AppDelegate.swift */ = {isa = PBXFileReference; lastKnownFileType = sourcecode.swift; path = AppDelegate.swift; sourceTree = "<group>"; };
		845EC2A122855F1C0036C7DA /* GameScene.sks */ = {isa = PBXFileReference; lastKnownFileType = file.sks; path = GameScene.sks; sourceTree = "<group>"; };
		845EC2A322855F1C0036C7DA /* Actions.sks */ = {isa = PBXFileReference; lastKnownFileType = file.sks; path = Actions.sks; sourceTree = "<group>"; };
		845EC2A522855F1D0036C7DA /* GameScene.swift */ = {isa = PBXFileReference; lastKnownFileType = sourcecode.swift; path = GameScene.swift; sourceTree = "<group>"; };
		845EC2A722855F1D0036C7DA /* GameViewController.swift */ = {isa = PBXFileReference; lastKnownFileType = sourcecode.swift; path = GameViewController.swift; sourceTree = "<group>"; };
		845EC2AA22855F1D0036C7DA /* Base */ = {isa = PBXFileReference; lastKnownFileType = file.storyboard; name = Base; path = Base.lproj/Main.storyboard; sourceTree = "<group>"; };
		845EC2AC22855F200036C7DA /* Assets.xcassets */ = {isa = PBXFileReference; lastKnownFileType = folder.assetcatalog; path = Assets.xcassets; sourceTree = "<group>"; };
		845EC2AF22855F200036C7DA /* Base */ = {isa = PBXFileReference; lastKnownFileType = file.storyboard; name = Base; path = Base.lproj/LaunchScreen.storyboard; sourceTree = "<group>"; };
		845EC2B122855F200036C7DA /* Info.plist */ = {isa = PBXFileReference; lastKnownFileType = text.plist.xml; path = Info.plist; sourceTree = "<group>"; };
/* End PBXFileReference section */

/* Begin PBXFrameworksBuildPhase section */
		845EC29922855F1C0036C7DA /* Frameworks */ = {
			isa = PBXFrameworksBuildPhase;
			buildActionMask = 2147483647;
			files = (
			);
			runOnlyForDeploymentPostprocessing = 0;
		};
/* End PBXFrameworksBuildPhase section */

/* Begin PBXGroup section */
		845EC29322855F1C0036C7DA = {
			isa = PBXGroup;
			children = (
				845EC29E22855F1C0036C7DA /* FirstGame */,
				845EC29D22855F1C0036C7DA /* Products */,
			);
			sourceTree = "<group>";
		};
		845EC29D22855F1C0036C7DA /* Products */ = {
			isa = PBXGroup;
			children = (
				845EC29C22855F1C0036C7DA /* FirstGame.app */,
			);
			name = Products;
			sourceTree = "<group>";
		};
		845EC29E22855F1C0036C7DA /* FirstGame */ = {
			isa = PBXGroup;
			children = (
				845EC29F22855F1C0036C7DA /* AppDelegate.swift */,
				845EC2A122855F1C0036C7DA /* GameScene.sks */,
				845EC2A322855F1C0036C7DA /* Actions.sks */,
				845EC2A522855F1D0036C7DA /* GameScene.swift */,
				845EC2A722855F1D0036C7DA /* GameViewController.swift */,
				845EC2A922855F1D0036C7DA /* Main.storyboard */,
				845EC2AC22855F200036C7DA /* Assets.xcassets */,
				845EC2AE22855F200036C7DA /* LaunchScreen.storyboard */,
				845EC2B122855F200036C7DA /* Info.plist */,
			);
			path = FirstGame;
			sourceTree = "<group>";
		};
/* End PBXGroup section */

/* Begin PBXNativeTarget section */
		845EC29B22855F1C0036C7DA /* FirstGame */ = {
			isa = PBXNativeTarget;
			buildConfigurationList = 845EC2B422855F200036C7DA /* Build configuration list for PBXNativeTarget "FirstGame" */;
			buildPhases = (
				845EC29822855F1C0036C7DA /* Sources */,
				845EC29922855F1C0036C7DA /* Frameworks */,
				845EC29A22855F1C0036C7DA /* Resources */,
			);
			buildRules = (
			);
			dependencies = (
			);
			name = FirstGame;
			productName = FirstGame;
			productReference = 845EC29C22855F1C0036C7DA /* FirstGame.app */;
			productType = "com.apple.product-type.application";
		};
/* End PBXNativeTarget section */

/* Begin PBXProject section */
		845EC29422855F1C0036C7DA /* Project object */ = {
			isa = PBXProject;
			attributes = {
				LastSwiftUpdateCheck = 1020;
				LastUpgradeCheck = 1020;
				ORGANIZATIONNAME = Admin;
				TargetAttributes = {
					845EC29B22855F1C0036C7DA = {
						CreatedOnToolsVersion = 10.2.1;
					};
				};
			};
			buildConfigurationList = 845EC29722855F1C0036C7DA /* Build configuration list for PBXProject "FirstGame" */;
			compatibilityVersion = "Xcode 9.3";
			developmentRegion = en;
			hasScannedForEncodings = 0;
			knownRegions = (
				en,
				Base,
			);
			mainGroup = 845EC29322855F1C0036C7DA;
			productRefGroup = 845EC29D22855F1C0036C7DA /* Products */;
			projectDirPath = "";
			projectRoot = "";
			targets = (
				845EC29B22855F1C0036C7DA /* FirstGame */,
			);
		};
/* End PBXProject section */

/* Begin PBXResourcesBuildPhase section */
		845EC29A22855F1C0036C7DA /* Resources */ = {
			isa = PBXResourcesBuildPhase;
			buildActionMask = 2147483647;
			files = (
				845EC2AB22855F1D0036C7DA /* Main.storyboard in Resources */,
				845EC2A222855F1C0036C7DA /* GameScene.sks in Resources */,
				845EC2AD22855F200036C7DA /* Assets.xcassets in Resources */,
				845EC2B022855F200036C7DA /* LaunchScreen.storyboard in Resources */,
				845EC2A422855F1C0036C7DA /* Actions.sks in Resources */,
			);
			runOnlyForDeploymentPostprocessing = 0;
		};
/* End PBXResourcesBuildPhase section */

/* Begin PBXSourcesBuildPhase section */
		845EC29822855F1C0036C7DA /* Sources */ = {
			isa = PBXSourcesBuildPhase;
			buildActionMask = 2147483647;
			files = (
				845EC2A622855F1D0036C7DA /* GameScene.swift in Sources */,
				845EC2A822855F1D0036C7DA /* GameViewController.swift in Sources */,
				845EC2A022855F1C0036C7DA /* AppDelegate.swift in Sources */,
			);
			runOnlyForDeploymentPostprocessing = 0;
		};
/* End PBXSourcesBuildPhase section */

/* Begin PBXVariantGroup section */
		845EC2A922855F1D0036C7DA /* Main.storyboard */ = {
			isa = PBXVariantGroup;
			children = (
				845EC2AA22855F1D0036C7DA /* Base */,
			);
			name = Main.storyboard;
			sourceTree = "<group>";
		};
		845EC2AE22855F200036C7DA /* LaunchScreen.storyboard */ = {
			isa = PBXVariantGroup;
			children = (
				845EC2AF22855F200036C7DA /* Base */,
			);
			name = LaunchScreen.storyboard;
			sourceTree = "<group>";
		};
/* End PBXVariantGroup section */

/* Begin XCBuildConfiguration section */
		845EC2B222855F200036C7DA /* Debug */ = {
			isa = XCBuildConfiguration;
			buildSettings = {
				ALWAYS_SEARCH_USER_PATHS = NO;
				CLANG_ANALYZER_NONNULL = YES;
				CLANG_ANALYZER_NUMBER_OBJECT_CONVERSION = YES_AGGRESSIVE;
				CLANG_CXX_LANGUAGE_STANDARD = "gnu++14";
				CLANG_CXX_LIBRARY = "libc++";
				CLANG_ENABLE_MODULES = YES;
				CLANG_ENABLE_OBJC_ARC = YES;
				CLANG_ENABLE_OBJC_WEAK = YES;
				CLANG_WARN_BLOCK_CAPTURE_AUTORELEASING = YES;
				CLANG_WARN_BOOL_CONVERSION = YES;
				CLANG_WARN_COMMA = YES;
				CLANG_WARN_CONSTANT_CONVERSION = YES;
				CLANG_WARN_DEPRECATED_OBJC_IMPLEMENTATIONS = YES;
				CLANG_WARN_DIRECT_OBJC_ISA_USAGE = YES_ERROR;
				CLANG_WARN_DOCUMENTATION_COMMENTS = YES;
				CLANG_WARN_EMPTY_BODY = YES;
				CLANG_WARN_ENUM_CONVERSION = YES;
				CLANG_WARN_INFINITE_RECURSION = YES;
				CLANG_WARN_INT_CONVERSION = YES;
				CLANG_WARN_NON_LITERAL_NULL_CONVERSION = YES;
				CLANG_WARN_OBJC_IMPLICIT_RETAIN_SELF = YES;
				CLANG_WARN_OBJC_LITERAL_CONVERSION = YES;
				CLANG_WARN_OBJC_ROOT_CLASS = YES_ERROR;
				CLANG_WARN_RANGE_LOOP_ANALYSIS = YES;
				CLANG_WARN_STRICT_PROTOTYPES = YES;
				CLANG_WARN_SUSPICIOUS_MOVE = YES;
				CLANG_WARN_UNGUARDED_AVAILABILITY = YES_AGGRESSIVE;
				CLANG_WARN_UNREACHABLE_CODE = YES;
				CLANG_WARN__DUPLICATE_METHOD_MATCH = YES;
				CODE_SIGN_IDENTITY = "iPhone Developer";
				COPY_PHASE_STRIP = NO;
				DEBUG_INFORMATION_FORMAT = dwarf;
				ENABLE_STRICT_OBJC_MSGSEND = YES;
				ENABLE_TESTABILITY = YES;
				GCC_C_LANGUAGE_STANDARD = gnu11;
				GCC_DYNAMIC_NO_PIC = NO;
				GCC_NO_COMMON_BLOCKS = YES;
				GCC_OPTIMIZATION_LEVEL = 0;
				GCC_PREPROCESSOR_DEFINITIONS = (
					"DEBUG=1",
					"$(inherited)",
				);
				GCC_WARN_64_TO_32_BIT_CONVERSION = YES;
				GCC_WARN_ABOUT_RETURN_TYPE = YES_ERROR;
				GCC_WARN_UNDECLARED_SELECTOR = YES;
				GCC_WARN_UNINITIALIZED_AUTOS = YES_AGGRESSIVE;
				GCC_WARN_UNUSED_FUNCTION = YES;
				GCC_WARN_UNUSED_VARIABLE = YES;
				IPHONEOS_DEPLOYMENT_TARGET = 12.2;
				MTL_ENABLE_DEBUG_INFO = INCLUDE_SOURCE;
				MTL_FAST_MATH = YES;
				ONLY_ACTIVE_ARCH = YES;
				SDKROOT = iphoneos;
				SWIFT_ACTIVE_COMPILATION_CONDITIONS = DEBUG;
				SWIFT_OPTIMIZATION_LEVEL = "-Onone";
			};
			name = Debug;
		};
		845EC2B322855F200036C7DA /* Release */ = {
			isa = XCBuildConfiguration;
			buildSettings = {
				ALWAYS_SEARCH_USER_PATHS = NO;
				CLANG_ANALYZER_NONNULL = YES;
				CLANG_ANALYZER_NUMBER_OBJECT_CONVERSION = YES_AGGRESSIVE;
				CLANG_CXX_LANGUAGE_STANDARD = "gnu++14";
				CLANG_CXX_LIBRARY = "libc++";
				CLANG_ENABLE_MODULES = YES;
				CLANG_ENABLE_OBJC_ARC = YES;
				CLANG_ENABLE_OBJC_WEAK = YES;
				CLANG_WARN_BLOCK_CAPTURE_AUTORELEASING = YES;
				CLANG_WARN_BOOL_CONVERSION = YES;
				CLANG_WARN_COMMA = YES;
				CLANG_WARN_CONSTANT_CONVERSION = YES;
				CLANG_WARN_DEPRECATED_OBJC_IMPLEMENTATIONS = YES;
				CLANG_WARN_DIRECT_OBJC_ISA_USAGE = YES_ERROR;
				CLANG_WARN_DOCUMENTATION_COMMENTS = YES;
				CLANG_WARN_EMPTY_BODY = YES;
				CLANG_WARN_ENUM_CONVERSION = YES;
				CLANG_WARN_INFINITE_RECURSION = YES;
				CLANG_WARN_INT_CONVERSION = YES;
				CLANG_WARN_NON_LITERAL_NULL_CONVERSION = YES;
				CLANG_WARN_OBJC_IMPLICIT_RETAIN_SELF = YES;
				CLANG_WARN_OBJC_LITERAL_CONVERSION = YES;
				CLANG_WARN_OBJC_ROOT_CLASS = YES_ERROR;
				CLANG_WARN_RANGE_LOOP_ANALYSIS = YES;
				CLANG_WARN_STRICT_PROTOTYPES = YES;
				CLANG_WARN_SUSPICIOUS_MOVE = YES;
				CLANG_WARN_UNGUARDED_AVAILABILITY = YES_AGGRESSIVE;
				CLANG_WARN_UNREACHABLE_CODE = YES;
				CLANG_WARN__DUPLICATE_METHOD_MATCH = YES;
				CODE_SIGN_IDENTITY = "iPhone Developer";
				COPY_PHASE_STRIP = NO;
				DEBUG_INFORMATION_FORMAT = "dwarf-with-dsym";
				ENABLE_NS_ASSERTIONS = NO;
				ENABLE_STRICT_OBJC_MSGSEND = YES;
				GCC_C_LANGUAGE_STANDARD = gnu11;
				GCC_NO_COMMON_BLOCKS = YES;
				GCC_WARN_64_TO_32_BIT_CONVERSION = YES;
				GCC_WARN_ABOUT_RETURN_TYPE = YES_ERROR;
				GCC_WARN_UNDECLARED_SELECTOR = YES;
				GCC_WARN_UNINITIALIZED_AUTOS = YES_AGGRESSIVE;
				GCC_WARN_UNUSED_FUNCTION = YES;
				GCC_WARN_UNUSED_VARIABLE = YES;
				IPHONEOS_DEPLOYMENT_TARGET = 12.2;
				MTL_ENABLE_DEBUG_INFO = NO;
				MTL_FAST_MATH = YES;
				SDKROOT = iphoneos;
				SWIFT_COMPILATION_MODE = wholemodule;
				SWIFT_OPTIMIZATION_LEVEL = "-O";
				VALIDATE_PRODUCT = YES;
			};
			name = Release;
		};
		845EC2B522855F200036C7DA /* Debug */ = {
			isa = XCBuildConfiguration;
			buildSettings = {
				ASSETCATALOG_COMPILER_APPICON_NAME = AppIcon;
				CODE_SIGN_STYLE = Automatic;
				INFOPLIST_FILE = FirstGame/Info.plist;
				LD_RUNPATH_SEARCH_PATHS = (
					"$(inherited)",
					"@executable_path/Frameworks",
				);
				PRODUCT_BUNDLE_IDENTIFIER = com.firstGame.FirstGame;
				PRODUCT_NAME = "$(TARGET_NAME)";
				SWIFT_VERSION = 5.0;
				TARGETED_DEVICE_FAMILY = "1,2";
			};
			name = Debug;
		};
		845EC2B622855F200036C7DA /* Release */ = {
			isa = XCBuildConfiguration;
			buildSettings = {
				ASSETCATALOG_COMPILER_APPICON_NAME = AppIcon;
				CODE_SIGN_STYLE = Automatic;
				INFOPLIST_FILE = FirstGame/Info.plist;
				LD_RUNPATH_SEARCH_PATHS = (
					"$(inherited)",
					"@executable_path/Frameworks",
				);
				PRODUCT_BUNDLE_IDENTIFIER = com.firstGame.FirstGame;
				PRODUCT_NAME = "$(TARGET_NAME)";
				SWIFT_VERSION = 5.0;
				TARGETED_DEVICE_FAMILY = "1,2";
			};
			name = Release;
		};
/* End XCBuildConfiguration section */

/* Begin XCConfigurationList section */
		845EC29722855F1C0036C7DA /* Build configuration list for PBXProject "FirstGame" */ = {
			isa = XCConfigurationList;
			buildConfigurations = (
				845EC2B222855F200036C7DA /* Debug */,
				845EC2B322855F200036C7DA /* Release */,
			);
			defaultConfigurationIsVisible = 0;
			defaultConfigurationName = Release;
		};
		845EC2B422855F200036C7DA /* Build configuration list for PBXNativeTarget "FirstGame" */ = {
			isa = XCConfigurationList;
			buildConfigurations = (
				845EC2B522855F200036C7DA /* Debug */,
				845EC2B622855F200036C7DA /* Release */,
			);
			defaultConfigurationIsVisible = 0;
			defaultConfigurationName = Release;
		};
/* End XCConfigurationList section */
	};
	rootObject = 845EC29422855F1C0036C7DA /* Project object */;
}
